
Microsoft Visual Studio Solution File, Format Version 12.00
# Visual Studio 2012
Project("{FAE04EC0-301F-11D3-BF4B-00C04F79EFBC}") = "Big3.Hitbase.Controls", "Lib\Controls\Big3.Hitbase.Controls.csproj", "{2A54BD22-56F5-4926-A3D8-D06354A1A360}"
EndProject
Project("{FAE04EC0-301F-11D3-BF4B-00C04F79EFBC}") = "DataBaseEngine", "Lib\DataBaseEngine\DataBaseEngine.csproj", "{A1F74ECE-CEF8-4A0F-9DFD-75820D8F5F77}"
EndProject
Project("{FAE04EC0-301F-11D3-BF4B-00C04F79EFBC}") = "Big3.Hitbase.Miscellaneous", "Lib\Misc\Big3.Hitbase.Miscellaneous.csproj", "{1B40397C-387B-4145-9EDD-77414FB90F6E}"
EndProject
Project("{FAE04EC0-301F-11D3-BF4B-00C04F79EFBC}") = "Big3.Hitbase.Configuration", "Lib\Configuration\Big3.Hitbase.Configuration.csproj", "{0D1AE543-68CA-4DC8-826B-38987B119B4A}"
EndProject
Project("{FAE04EC0-301F-11D3-BF4B-00C04F79EFBC}") = "Big3.Hitbase.CDUtilities", "Lib\CDUtilities\Big3.Hitbase.CDUtilities.csproj", "{3B274BAC-60C6-4DEF-9B1A-A658F863921C}"
EndProject
Project("{FAE04EC0-301F-11D3-BF4B-00C04F79EFBC}") = "CatalogView3D", "Lib\CatalogView3D\CatalogView3D.csproj", "{B4D05EF9-C408-4B5B-A7E6-C3AAEF374162}"
EndProject
Project("{FAE04EC0-301F-11D3-BF4B-00C04F79EFBC}") = "Community", "Lib\Community\Community.csproj", "{EA245865-870D-47C1-BC72-6B8A80E8196E}"
EndProject
Project("{FAE04EC0-301F-11D3-BF4B-00C04F79EFBC}") = "XPTable", "Lib\XPTable\XPTable.csproj", "{1ADD2ECB-2B24-4162-8965-3EFAA9BB041E}"
EndProject
Project("{FAE04EC0-301F-11D3-BF4B-00C04F79EFBC}") = "RemoteControlService", "Lib\RemoteControlService\RemoteControlService.csproj", "{E6D13A60-24D6-48E1-90A6-39741C5EAF6B}"
EndProject
Project("{FAE04EC0-301F-11D3-BF4B-00C04F79EFBC}") = "RemoteControlHost", "Lib\RemoteControlHost\RemoteControlHost.csproj", "{61738EA2-E4BF-43B5-B75E-69872C1CC872}"
	ProjectSection(ProjectDependencies) = postProject
		{E6D13A60-24D6-48E1-90A6-39741C5EAF6B} = {E6D13A60-24D6-48E1-90A6-39741C5EAF6B}
	EndProjectSection
EndProject
Project("{FAE04EC0-301F-11D3-BF4B-00C04F79EFBC}") = "MediaRipper", "Lib\MediaRipper\MediaRipper.csproj", "{A9609691-1F58-434E-BC2D-F015824590DC}"
EndProject
Project("{FAE04EC0-301F-11D3-BF4B-00C04F79EFBC}") = "RecordMedium", "Lib\RecordMedium\RecordMedium.csproj", "{6975E548-33A2-4E39-9FD0-81E2E593570B}"
EndProject
Project("{FAE04EC0-301F-11D3-BF4B-00C04F79EFBC}") = "SoundFilesManagement", "Lib\SoundFilesManagement\SoundFilesManagement.csproj", "{C970D87E-BA45-4435-B81F-C3FFAF82A90A}"
EndProject
Project("{FAE04EC0-301F-11D3-BF4B-00C04F79EFBC}") = "SoundEngineGUI", "Lib\SoundEngineGUI\SoundEngineGUI.csproj", "{D560FFC8-6FC9-4E87-8C44-9DD366E46F67}"
EndProject
Project("{FAE04EC0-301F-11D3-BF4B-00C04F79EFBC}") = "Application", "App\Application\Application.csproj", "{A2B0C678-5969-45C2-A964-42B4B6B1845C}"
EndProject
Project("{FAE04EC0-301F-11D3-BF4B-00C04F79EFBC}") = "Big3.Hitbase.SoundEngine", "Lib\SoundEngineNET\Big3.Hitbase.SoundEngine.csproj", "{9F1B6B6E-1EB8-40A7-A135-F341574C552B}"
EndProject
Project("{FAE04EC0-301F-11D3-BF4B-00C04F79EFBC}") = "Big3.Hitbase.MainControls", "Lib\MainControls\Big3.Hitbase.MainControls.csproj", "{04EDA503-D764-4C40-ACE6-ED95F1382F9E}"
EndProject
Project("{FAE04EC0-301F-11D3-BF4B-00C04F79EFBC}") = "Big3.Hitbase.SharedResources", "Lib\Big3.Hitbase.SharedResources\Big3.Hitbase.SharedResources.csproj", "{F6825A2F-F2B6-465E-8A7F-9B380BD65CB2}"
EndProject
Project("{930C7802-8A8C-48F9-8165-68863BCCD9DD}") = "Setup", "Setup\Setup\Setup.wixproj", "{CB5C66C0-8E19-4452-841F-1D670D8772AF}"
	ProjectSection(ProjectDependencies) = postProject
		{A2B0C678-5969-45C2-A964-42B4B6B1845C} = {A2B0C678-5969-45C2-A964-42B4B6B1845C}
	EndProjectSection
EndProject
Project("{FAE04EC0-301F-11D3-BF4B-00C04F79EFBC}") = "PostSetup", "Setup\PostSetup\PostSetup.csproj", "{CBDEBB0A-32D1-4A7A-97C8-82460DE49432}"
EndProject
Project("{FAE04EC0-301F-11D3-BF4B-00C04F79EFBC}") = "Big3.Hitbase.CDCover", "Lib\Big3.Hitbase.CDCover\Big3.Hitbase.CDCover.csproj", "{CB2D626C-9983-471D-81DF-6FDB205A4686}"
EndProject
Global
	GlobalSection(TeamFoundationVersionControl) = preSolution
		SccNumberOfProjects = 22
		SccEnterpriseProvider = {4CA58AB2-18FA-4F8D-95D4-32DDF27D184C}
		SccTeamFoundationServer = https://tfs.codeplex.com/tfs/tfs12
		SccLocalPath0 = .
		SccProjectUniqueName1 = Lib\\CatalogView3D\\CatalogView3D.csproj
		SccProjectName1 = Lib/CatalogView3D
		SccLocalPath1 = Lib\\CatalogView3D
		SccProjectUniqueName2 = Lib\\CDUtilities\\Big3.Hitbase.CDUtilities.csproj
		SccProjectName2 = Lib/CDUtilities
		SccLocalPath2 = Lib\\CDUtilities
		SccProjectUniqueName3 = Lib\\Community\\Community.csproj
		SccProjectName3 = Lib/Community
		SccLocalPath3 = Lib\\Community
		SccProjectUniqueName4 = Lib\\Configuration\\Big3.Hitbase.Configuration.csproj
		SccProjectName4 = Lib/Configuration
		SccLocalPath4 = Lib\\Configuration
		SccProjectUniqueName5 = Lib\\Controls\\Big3.Hitbase.Controls.csproj
		SccProjectName5 = Lib/Controls
		SccLocalPath5 = Lib\\Controls
		SccProjectUniqueName6 = Lib\\DataBaseEngine\\DataBaseEngine.csproj
		SccProjectName6 = Lib/DataBaseEngine
		SccLocalPath6 = Lib\\DataBaseEngine
		SccProjectUniqueName7 = Lib\\Misc\\Big3.Hitbase.Miscellaneous.csproj
		SccProjectName7 = Lib/Misc
		SccLocalPath7 = Lib\\Misc
		SccProjectUniqueName8 = Lib\\RemoteControlHost\\RemoteControlHost.csproj
		SccProjectName8 = Lib/RemoteControlHost
		SccLocalPath8 = Lib\\RemoteControlHost
		SccProjectUniqueName9 = Lib\\RemoteControlService\\RemoteControlService.csproj
		SccProjectName9 = Lib/RemoteControlService
		SccLocalPath9 = Lib\\RemoteControlService
		SccProjectUniqueName10 = Lib\\XPTable\\XPTable.csproj
		SccProjectName10 = Lib/XPTable
		SccLocalPath10 = Lib\\XPTable
		SccProjectUniqueName11 = Lib\\MediaRipper\\MediaRipper.csproj
		SccProjectName11 = Lib/MediaRipper
		SccLocalPath11 = Lib\\MediaRipper
		SccProjectUniqueName12 = Lib\\RecordMedium\\RecordMedium.csproj
		SccProjectName12 = Lib/RecordMedium
		SccLocalPath12 = Lib\\RecordMedium
		SccProjectUniqueName13 = Lib\\SoundFilesManagement\\SoundFilesManagement.csproj
		SccProjectName13 = Lib/SoundFilesManagement
		SccLocalPath13 = Lib\\SoundFilesManagement
		SccProjectUniqueName14 = Lib\\SoundEngineGUI\\SoundEngineGUI.csproj
		SccProjectName14 = Lib/SoundEngineGUI
		SccLocalPath14 = Lib\\SoundEngineGUI
		SccProjectUniqueName15 = App\\Application\\Application.csproj
		SccProjectName15 = App/Application
		SccLocalPath15 = App\\Application
		SccProjectUniqueName16 = Lib\\SoundEngineNET\\Big3.Hitbase.SoundEngine.csproj
		SccProjectName16 = Lib/SoundEngineNET
		SccLocalPath16 = Lib\\SoundEngineNET
		SccProjectUniqueName17 = Lib\\MainControls\\Big3.Hitbase.MainControls.csproj
		SccProjectName17 = Lib/MainControls
		SccLocalPath17 = Lib\\MainControls
		SccProjectUniqueName18 = Lib\\Big3.Hitbase.SharedResources\\Big3.Hitbase.SharedResources.csproj
		SccProjectName18 = Lib/Big3.Hitbase.SharedResources
		SccLocalPath18 = Lib\\Big3.Hitbase.SharedResources
		SccProjectUniqueName19 = Setup\\Setup\\Setup.wixproj
		SccProjectName19 = Setup/Setup
		SccLocalPath19 = Setup\\Setup
		SccProjectUniqueName20 = Setup\\PostSetup\\PostSetup.csproj
		SccProjectName20 = Setup/PostSetup
		SccLocalPath20 = Setup\\PostSetup
		SccProjectUniqueName21 = Lib\\Big3.Hitbase.CDCover\\Big3.Hitbase.CDCover.csproj
		SccProjectName21 = Lib/Big3.Hitbase.CDCover
		SccLocalPath21 = Lib\\Big3.Hitbase.CDCover
	EndGlobalSection
	GlobalSection(SolutionConfigurationPlatforms) = preSolution
		Debug|Any CPU = Debug|Any CPU
		Debug|Mixed Platforms = Debug|Mixed Platforms
		Debug|Win32 = Debug|Win32
		Debug|x86 = Debug|x86
		Release|Any CPU = Release|Any CPU
		Release|Mixed Platforms = Release|Mixed Platforms
		Release|Win32 = Release|Win32
		Release|x86 = Release|x86
	EndGlobalSection
	GlobalSection(ProjectConfigurationPlatforms) = postSolution
		{2A54BD22-56F5-4926-A3D8-D06354A1A360}.Debug|Any CPU.ActiveCfg = Debug|Any CPU
		{2A54BD22-56F5-4926-A3D8-D06354A1A360}.Debug|Any CPU.Build.0 = Debug|Any CPU
		{2A54BD22-56F5-4926-A3D8-D06354A1A360}.Debug|Mixed Platforms.ActiveCfg = Debug|Any CPU
		{2A54BD22-56F5-4926-A3D8-D06354A1A360}.Debug|Mixed Platforms.Build.0 = Debug|Any CPU
		{2A54BD22-56F5-4926-A3D8-D06354A1A360}.Debug|Win32.ActiveCfg = Debug|Any CPU
		{2A54BD22-56F5-4926-A3D8-D06354A1A360}.Debug|x86.ActiveCfg = Debug|Any CPU
		{2A54BD22-56F5-4926-A3D8-D06354A1A360}.Release|Any CPU.ActiveCfg = Release|Any CPU
		{2A54BD22-56F5-4926-A3D8-D06354A1A360}.Release|Any CPU.Build.0 = Release|Any CPU
		{2A54BD22-56F5-4926-A3D8-D06354A1A360}.Release|Mixed Platforms.ActiveCfg = Release|Any CPU
		{2A54BD22-56F5-4926-A3D8-D06354A1A360}.Release|Mixed Platforms.Build.0 = Release|Any CPU
		{2A54BD22-56F5-4926-A3D8-D06354A1A360}.Release|Win32.ActiveCfg = Release|Any CPU
		{2A54BD22-56F5-4926-A3D8-D06354A1A360}.Release|x86.ActiveCfg = Release|Any CPU
		{A1F74ECE-CEF8-4A0F-9DFD-75820D8F5F77}.Debug|Any CPU.ActiveCfg = Debug|Any CPU
		{A1F74ECE-CEF8-4A0F-9DFD-75820D8F5F77}.Debug|Any CPU.Build.0 = Debug|Any CPU
		{A1F74ECE-CEF8-4A0F-9DFD-75820D8F5F77}.Debug|Mixed Platforms.ActiveCfg = Debug|Any CPU
		{A1F74ECE-CEF8-4A0F-9DFD-75820D8F5F77}.Debug|Mixed Platforms.Build.0 = Debug|Any CPU
		{A1F74ECE-CEF8-4A0F-9DFD-75820D8F5F77}.Debug|Win32.ActiveCfg = Debug|Any CPU
		{A1F74ECE-CEF8-4A0F-9DFD-75820D8F5F77}.Debug|x86.ActiveCfg = Debug|Any CPU
		{A1F74ECE-CEF8-4A0F-9DFD-75820D8F5F77}.Release|Any CPU.ActiveCfg = Release|Any CPU
		{A1F74ECE-CEF8-4A0F-9DFD-75820D8F5F77}.Release|Any CPU.Build.0 = Release|Any CPU
		{A1F74ECE-CEF8-4A0F-9DFD-75820D8F5F77}.Release|Mixed Platforms.ActiveCfg = Release|Any CPU
		{A1F74ECE-CEF8-4A0F-9DFD-75820D8F5F77}.Release|Mixed Platforms.Build.0 = Release|Any CPU
		{A1F74ECE-CEF8-4A0F-9DFD-75820D8F5F77}.Release|Win32.ActiveCfg = Release|Any CPU
		{A1F74ECE-CEF8-4A0F-9DFD-75820D8F5F77}.Release|x86.ActiveCfg = Release|Any CPU
		{1B40397C-387B-4145-9EDD-77414FB90F6E}.Debug|Any CPU.ActiveCfg = Debug|Any CPU
		{1B40397C-387B-4145-9EDD-77414FB90F6E}.Debug|Any CPU.Build.0 = Debug|Any CPU
		{1B40397C-387B-4145-9EDD-77414FB90F6E}.Debug|Mixed Platforms.ActiveCfg = Debug|Any CPU
		{1B40397C-387B-4145-9EDD-77414FB90F6E}.Debug|Mixed Platforms.Build.0 = Debug|Any CPU
		{1B40397C-387B-4145-9EDD-77414FB90F6E}.Debug|Win32.ActiveCfg = Debug|Any CPU
		{1B40397C-387B-4145-9EDD-77414FB90F6E}.Debug|x86.ActiveCfg = Debug|Any CPU
		{1B40397C-387B-4145-9EDD-77414FB90F6E}.Release|Any CPU.ActiveCfg = Release|Any CPU
		{1B40397C-387B-4145-9EDD-77414FB90F6E}.Release|Any CPU.Build.0 = Release|Any CPU
		{1B40397C-387B-4145-9EDD-77414FB90F6E}.Release|Mixed Platforms.ActiveCfg = Release|Any CPU
		{1B40397C-387B-4145-9EDD-77414FB90F6E}.Release|Mixed Platforms.Build.0 = Release|Any CPU
		{1B40397C-387B-4145-9EDD-77414FB90F6E}.Release|Win32.ActiveCfg = Release|Any CPU
		{1B40397C-387B-4145-9EDD-77414FB90F6E}.Release|x86.ActiveCfg = Release|Any CPU
		{0D1AE543-68CA-4DC8-826B-38987B119B4A}.Debug|Any CPU.ActiveCfg = Debug|Any CPU
		{0D1AE543-68CA-4DC8-826B-38987B119B4A}.Debug|Any CPU.Build.0 = Debug|Any CPU
		{0D1AE543-68CA-4DC8-826B-38987B119B4A}.Debug|Mixed Platforms.ActiveCfg = Debug|Any CPU
		{0D1AE543-68CA-4DC8-826B-38987B119B4A}.Debug|Mixed Platforms.Build.0 = Debug|Any CPU
		{0D1AE543-68CA-4DC8-826B-38987B119B4A}.Debug|Win32.ActiveCfg = Debug|Any CPU
		{0D1AE543-68CA-4DC8-826B-38987B119B4A}.Debug|x86.ActiveCfg = Debug|Any CPU
		{0D1AE543-68CA-4DC8-826B-38987B119B4A}.Release|Any CPU.ActiveCfg = Release|Any CPU
		{0D1AE543-68CA-4DC8-826B-38987B119B4A}.Release|Any CPU.Build.0 = Release|Any CPU
		{0D1AE543-68CA-4DC8-826B-38987B119B4A}.Release|Mixed Platforms.ActiveCfg = Release|Any CPU
		{0D1AE543-68CA-4DC8-826B-38987B119B4A}.Release|Mixed Platforms.Build.0 = Release|Any CPU
		{0D1AE543-68CA-4DC8-826B-38987B119B4A}.Release|Win32.ActiveCfg = Release|Any CPU
		{0D1AE543-68CA-4DC8-826B-38987B119B4A}.Release|x86.ActiveCfg = Release|Any CPU
		{3B274BAC-60C6-4DEF-9B1A-A658F863921C}.Debug|Any CPU.ActiveCfg = Debug|Any CPU
		{3B274BAC-60C6-4DEF-9B1A-A658F863921C}.Debug|Any CPU.Build.0 = Debug|Any CPU
		{3B274BAC-60C6-4DEF-9B1A-A658F863921C}.Debug|Mixed Platforms.ActiveCfg = Debug|Any CPU
		{3B274BAC-60C6-4DEF-9B1A-A658F863921C}.Debug|Mixed Platforms.Build.0 = Debug|Any CPU
		{3B274BAC-60C6-4DEF-9B1A-A658F863921C}.Debug|Win32.ActiveCfg = Debug|Any CPU
		{3B274BAC-60C6-4DEF-9B1A-A658F863921C}.Debug|x86.ActiveCfg = Debug|Any CPU
		{3B274BAC-60C6-4DEF-9B1A-A658F863921C}.Release|Any CPU.ActiveCfg = Release|Any CPU
		{3B274BAC-60C6-4DEF-9B1A-A658F863921C}.Release|Any CPU.Build.0 = Release|Any CPU
		{3B274BAC-60C6-4DEF-9B1A-A658F863921C}.Release|Mixed Platforms.ActiveCfg = Release|Any CPU
		{3B274BAC-60C6-4DEF-9B1A-A658F863921C}.Release|Mixed Platforms.Build.0 = Release|Any CPU
		{3B274BAC-60C6-4DEF-9B1A-A658F863921C}.Release|Win32.ActiveCfg = Release|Any CPU
		{3B274BAC-60C6-4DEF-9B1A-A658F863921C}.Release|x86.ActiveCfg = Release|Any CPU
		{B4D05EF9-C408-4B5B-A7E6-C3AAEF374162}.Debug|Any CPU.ActiveCfg = Debug|Any CPU
		{B4D05EF9-C408-4B5B-A7E6-C3AAEF374162}.Debug|Any CPU.Build.0 = Debug|Any CPU
		{B4D05EF9-C408-4B5B-A7E6-C3AAEF374162}.Debug|Mixed Platforms.ActiveCfg = Debug|Any CPU
		{B4D05EF9-C408-4B5B-A7E6-C3AAEF374162}.Debug|Mixed Platforms.Build.0 = Debug|Any CPU
		{B4D05EF9-C408-4B5B-A7E6-C3AAEF374162}.Debug|Win32.ActiveCfg = Debug|Any CPU
		{B4D05EF9-C408-4B5B-A7E6-C3AAEF374162}.Debug|x86.ActiveCfg = Debug|Any CPU
		{B4D05EF9-C408-4B5B-A7E6-C3AAEF374162}.Release|Any CPU.ActiveCfg = Release|Any CPU
		{B4D05EF9-C408-4B5B-A7E6-C3AAEF374162}.Release|Any CPU.Build.0 = Release|Any CPU
		{B4D05EF9-C408-4B5B-A7E6-C3AAEF374162}.Release|Mixed Platforms.ActiveCfg = Release|Any CPU
		{B4D05EF9-C408-4B5B-A7E6-C3AAEF374162}.Release|Mixed Platforms.Build.0 = Release|Any CPU
		{B4D05EF9-C408-4B5B-A7E6-C3AAEF374162}.Release|Win32.ActiveCfg = Release|Any CPU
		{B4D05EF9-C408-4B5B-A7E6-C3AAEF374162}.Release|x86.ActiveCfg = Release|Any CPU
		{EA245865-870D-47C1-BC72-6B8A80E8196E}.Debug|Any CPU.ActiveCfg = Debug|Any CPU
		{EA245865-870D-47C1-BC72-6B8A80E8196E}.Debug|Any CPU.Build.0 = Debug|Any CPU
		{EA245865-870D-47C1-BC72-6B8A80E8196E}.Debug|Mixed Platforms.ActiveCfg = Debug|Any CPU
		{EA245865-870D-47C1-BC72-6B8A80E8196E}.Debug|Mixed Platforms.Build.0 = Debug|Any CPU
		{EA245865-870D-47C1-BC72-6B8A80E8196E}.Debug|Win32.ActiveCfg = Debug|Any CPU
		{EA245865-870D-47C1-BC72-6B8A80E8196E}.Debug|x86.ActiveCfg = Debug|Any CPU
		{EA245865-870D-47C1-BC72-6B8A80E8196E}.Release|Any CPU.ActiveCfg = Release|Any CPU
		{EA245865-870D-47C1-BC72-6B8A80E8196E}.Release|Any CPU.Build.0 = Release|Any CPU
		{EA245865-870D-47C1-BC72-6B8A80E8196E}.Release|Mixed Platforms.ActiveCfg = Release|Any CPU
		{EA245865-870D-47C1-BC72-6B8A80E8196E}.Release|Mixed Platforms.Build.0 = Release|Any CPU
		{EA245865-870D-47C1-BC72-6B8A80E8196E}.Release|Win32.ActiveCfg = Release|Any CPU
		{EA245865-870D-47C1-BC72-6B8A80E8196E}.Release|x86.ActiveCfg = Release|Any CPU
		{1ADD2ECB-2B24-4162-8965-3EFAA9BB041E}.Debug|Any CPU.ActiveCfg = Debug|Any CPU
		{1ADD2ECB-2B24-4162-8965-3EFAA9BB041E}.Debug|Any CPU.Build.0 = Debug|Any CPU
		{1ADD2ECB-2B24-4162-8965-3EFAA9BB041E}.Debug|Mixed Platforms.ActiveCfg = Debug|Any CPU
		{1ADD2ECB-2B24-4162-8965-3EFAA9BB041E}.Debug|Mixed Platforms.Build.0 = Debug|Any CPU
		{1ADD2ECB-2B24-4162-8965-3EFAA9BB041E}.Debug|Win32.ActiveCfg = Debug|Any CPU
		{1ADD2ECB-2B24-4162-8965-3EFAA9BB041E}.Debug|x86.ActiveCfg = Debug|Any CPU
		{1ADD2ECB-2B24-4162-8965-3EFAA9BB041E}.Release|Any CPU.ActiveCfg = Release|Any CPU
		{1ADD2ECB-2B24-4162-8965-3EFAA9BB041E}.Release|Any CPU.Build.0 = Release|Any CPU
		{1ADD2ECB-2B24-4162-8965-3EFAA9BB041E}.Release|Mixed Platforms.ActiveCfg = Release|Any CPU
		{1ADD2ECB-2B24-4162-8965-3EFAA9BB041E}.Release|Mixed Platforms.Build.0 = Release|Any CPU
		{1ADD2ECB-2B24-4162-8965-3EFAA9BB041E}.Release|Win32.ActiveCfg = Release|Any CPU
		{1ADD2ECB-2B24-4162-8965-3EFAA9BB041E}.Release|x86.ActiveCfg = Release|Any CPU
		{E6D13A60-24D6-48E1-90A6-39741C5EAF6B}.Debug|Any CPU.ActiveCfg = Debug|Any CPU
		{E6D13A60-24D6-48E1-90A6-39741C5EAF6B}.Debug|Any CPU.Build.0 = Debug|Any CPU
		{E6D13A60-24D6-48E1-90A6-39741C5EAF6B}.Debug|Mixed Platforms.ActiveCfg = Debug|Any CPU
		{E6D13A60-24D6-48E1-90A6-39741C5EAF6B}.Debug|Mixed Platforms.Build.0 = Debug|Any CPU
		{E6D13A60-24D6-48E1-90A6-39741C5EAF6B}.Debug|Win32.ActiveCfg = Debug|Any CPU
		{E6D13A60-24D6-48E1-90A6-39741C5EAF6B}.Debug|x86.ActiveCfg = Debug|Any CPU
		{E6D13A60-24D6-48E1-90A6-39741C5EAF6B}.Release|Any CPU.ActiveCfg = Release|Any CPU
		{E6D13A60-24D6-48E1-90A6-39741C5EAF6B}.Release|Any CPU.Build.0 = Release|Any CPU
		{E6D13A60-24D6-48E1-90A6-39741C5EAF6B}.Release|Mixed Platforms.ActiveCfg = Release|Any CPU
		{E6D13A60-24D6-48E1-90A6-39741C5EAF6B}.Release|Mixed Platforms.Build.0 = Release|Any CPU
		{E6D13A60-24D6-48E1-90A6-39741C5EAF6B}.Release|Win32.ActiveCfg = Release|Any CPU
		{E6D13A60-24D6-48E1-90A6-39741C5EAF6B}.Release|x86.ActiveCfg = Release|Any CPU
		{61738EA2-E4BF-43B5-B75E-69872C1CC872}.Debug|Any CPU.ActiveCfg = Debug|Any CPU
		{61738EA2-E4BF-43B5-B75E-69872C1CC872}.Debug|Any CPU.Build.0 = Debug|Any CPU
		{61738EA2-E4BF-43B5-B75E-69872C1CC872}.Debug|Mixed Platforms.ActiveCfg = Debug|Any CPU
		{61738EA2-E4BF-43B5-B75E-69872C1CC872}.Debug|Mixed Platforms.Build.0 = Debug|Any CPU
		{61738EA2-E4BF-43B5-B75E-69872C1CC872}.Debug|Win32.ActiveCfg = Debug|Any CPU
		{61738EA2-E4BF-43B5-B75E-69872C1CC872}.Debug|x86.ActiveCfg = Debug|Any CPU
		{61738EA2-E4BF-43B5-B75E-69872C1CC872}.Release|Any CPU.ActiveCfg = Release|Any CPU
		{61738EA2-E4BF-43B5-B75E-69872C1CC872}.Release|Any CPU.Build.0 = Release|Any CPU
		{61738EA2-E4BF-43B5-B75E-69872C1CC872}.Release|Mixed Platforms.ActiveCfg = Release|Any CPU
		{61738EA2-E4BF-43B5-B75E-69872C1CC872}.Release|Mixed Platforms.Build.0 = Release|Any CPU
		{61738EA2-E4BF-43B5-B75E-69872C1CC872}.Release|Win32.ActiveCfg = Release|Any CPU
		{61738EA2-E4BF-43B5-B75E-69872C1CC872}.Release|x86.ActiveCfg = Release|Any CPU
		{A9609691-1F58-434E-BC2D-F015824590DC}.Debug|Any CPU.ActiveCfg = Debug|Any CPU
		{A9609691-1F58-434E-BC2D-F015824590DC}.Debug|Any CPU.Build.0 = Debug|Any CPU
		{A9609691-1F58-434E-BC2D-F015824590DC}.Debug|Mixed Platforms.ActiveCfg = Debug|Any CPU
		{A9609691-1F58-434E-BC2D-F015824590DC}.Debug|Mixed Platforms.Build.0 = Debug|Any CPU
		{A9609691-1F58-434E-BC2D-F015824590DC}.Debug|Win32.ActiveCfg = Debug|Any CPU
		{A9609691-1F58-434E-BC2D-F015824590DC}.Debug|x86.ActiveCfg = Debug|Any CPU
		{A9609691-1F58-434E-BC2D-F015824590DC}.Release|Any CPU.ActiveCfg = Release|Any CPU
		{A9609691-1F58-434E-BC2D-F015824590DC}.Release|Any CPU.Build.0 = Release|Any CPU
		{A9609691-1F58-434E-BC2D-F015824590DC}.Release|Mixed Platforms.ActiveCfg = Release|Any CPU
		{A9609691-1F58-434E-BC2D-F015824590DC}.Release|Mixed Platforms.Build.0 = Release|Any CPU
		{A9609691-1F58-434E-BC2D-F015824590DC}.Release|Win32.ActiveCfg = Release|Any CPU
		{A9609691-1F58-434E-BC2D-F015824590DC}.Release|x86.ActiveCfg = Release|Any CPU
		{6975E548-33A2-4E39-9FD0-81E2E593570B}.Debug|Any CPU.ActiveCfg = Debug|Any CPU
		{6975E548-33A2-4E39-9FD0-81E2E593570B}.Debug|Any CPU.Build.0 = Debug|Any CPU
		{6975E548-33A2-4E39-9FD0-81E2E593570B}.Debug|Mixed Platforms.ActiveCfg = Debug|Any CPU
		{6975E548-33A2-4E39-9FD0-81E2E593570B}.Debug|Mixed Platforms.Build.0 = Debug|Any CPU
		{6975E548-33A2-4E39-9FD0-81E2E593570B}.Debug|Win32.ActiveCfg = Debug|Any CPU
		{6975E548-33A2-4E39-9FD0-81E2E593570B}.Debug|x86.ActiveCfg = Debug|Any CPU
		{6975E548-33A2-4E39-9FD0-81E2E593570B}.Release|Any CPU.ActiveCfg = Release|Any CPU
		{6975E548-33A2-4E39-9FD0-81E2E593570B}.Release|Any CPU.Build.0 = Release|Any CPU
		{6975E548-33A2-4E39-9FD0-81E2E593570B}.Release|Mixed Platforms.ActiveCfg = Release|Any CPU
		{6975E548-33A2-4E39-9FD0-81E2E593570B}.Release|Mixed Platforms.Build.0 = Release|Any CPU
		{6975E548-33A2-4E39-9FD0-81E2E593570B}.Release|Win32.ActiveCfg = Release|Any CPU
		{6975E548-33A2-4E39-9FD0-81E2E593570B}.Release|x86.ActiveCfg = Release|Any CPU
		{C970D87E-BA45-4435-B81F-C3FFAF82A90A}.Debug|Any CPU.ActiveCfg = Debug|Any CPU
		{C970D87E-BA45-4435-B81F-C3FFAF82A90A}.Debug|Any CPU.Build.0 = Debug|Any CPU
		{C970D87E-BA45-4435-B81F-C3FFAF82A90A}.Debug|Mixed Platforms.ActiveCfg = Debug|Any CPU
		{C970D87E-BA45-4435-B81F-C3FFAF82A90A}.Debug|Mixed Platforms.Build.0 = Debug|Any CPU
		{C970D87E-BA45-4435-B81F-C3FFAF82A90A}.Debug|Win32.ActiveCfg = Debug|Any CPU
		{C970D87E-BA45-4435-B81F-C3FFAF82A90A}.Debug|x86.ActiveCfg = Debug|Any CPU
		{C970D87E-BA45-4435-B81F-C3FFAF82A90A}.Release|Any CPU.ActiveCfg = Release|Any CPU
		{C970D87E-BA45-4435-B81F-C3FFAF82A90A}.Release|Any CPU.Build.0 = Release|Any CPU
		{C970D87E-BA45-4435-B81F-C3FFAF82A90A}.Release|Mixed Platforms.ActiveCfg = Release|Any CPU
		{C970D87E-BA45-4435-B81F-C3FFAF82A90A}.Release|Mixed Platforms.Build.0 = Release|Any CPU
		{C970D87E-BA45-4435-B81F-C3FFAF82A90A}.Release|Win32.ActiveCfg = Release|Any CPU
		{C970D87E-BA45-4435-B81F-C3FFAF82A90A}.Release|x86.ActiveCfg = Release|Any CPU
		{D560FFC8-6FC9-4E87-8C44-9DD366E46F67}.Debug|Any CPU.ActiveCfg = Debug|Any CPU
		{D560FFC8-6FC9-4E87-8C44-9DD366E46F67}.Debug|Any CPU.Build.0 = Debug|Any CPU
		{D560FFC8-6FC9-4E87-8C44-9DD366E46F67}.Debug|Mixed Platforms.ActiveCfg = Debug|Any CPU
		{D560FFC8-6FC9-4E87-8C44-9DD366E46F67}.Debug|Mixed Platforms.Build.0 = Debug|Any CPU
		{D560FFC8-6FC9-4E87-8C44-9DD366E46F67}.Debug|Win32.ActiveCfg = Debug|Any CPU
		{D560FFC8-6FC9-4E87-8C44-9DD366E46F67}.Debug|x86.ActiveCfg = Debug|Any CPU
		{D560FFC8-6FC9-4E87-8C44-9DD366E46F67}.Release|Any CPU.ActiveCfg = Release|Any CPU
		{D560FFC8-6FC9-4E87-8C44-9DD366E46F67}.Release|Any CPU.Build.0 = Release|Any CPU
		{D560FFC8-6FC9-4E87-8C44-9DD366E46F67}.Release|Mixed Platforms.ActiveCfg = Release|Any CPU
		{D560FFC8-6FC9-4E87-8C44-9DD366E46F67}.Release|Mixed Platforms.Build.0 = Release|Any CPU
		{D560FFC8-6FC9-4E87-8C44-9DD366E46F67}.Release|Win32.ActiveCfg = Release|Any CPU
		{D560FFC8-6FC9-4E87-8C44-9DD366E46F67}.Release|x86.ActiveCfg = Release|Any CPU
		{A2B0C678-5969-45C2-A964-42B4B6B1845C}.Debug|Any CPU.ActiveCfg = Debug|Any CPU
		{A2B0C678-5969-45C2-A964-42B4B6B1845C}.Debug|Any CPU.Build.0 = Debug|Any CPU
		{A2B0C678-5969-45C2-A964-42B4B6B1845C}.Debug|Mixed Platforms.ActiveCfg = Debug|Any CPU
		{A2B0C678-5969-45C2-A964-42B4B6B1845C}.Debug|Mixed Platforms.Build.0 = Debug|Any CPU
		{A2B0C678-5969-45C2-A964-42B4B6B1845C}.Debug|Win32.ActiveCfg = Debug|Any CPU
		{A2B0C678-5969-45C2-A964-42B4B6B1845C}.Debug|x86.ActiveCfg = Debug|Any CPU
		{A2B0C678-5969-45C2-A964-42B4B6B1845C}.Release|Any CPU.ActiveCfg = Release|Any CPU
		{A2B0C678-5969-45C2-A964-42B4B6B1845C}.Release|Any CPU.Build.0 = Release|Any CPU
		{A2B0C678-5969-45C2-A964-42B4B6B1845C}.Release|Mixed Platforms.ActiveCfg = Release|Any CPU
		{A2B0C678-5969-45C2-A964-42B4B6B1845C}.Release|Mixed Platforms.Build.0 = Release|Any CPU
		{A2B0C678-5969-45C2-A964-42B4B6B1845C}.Release|Win32.ActiveCfg = Release|Any CPU
		{A2B0C678-5969-45C2-A964-42B4B6B1845C}.Release|x86.ActiveCfg = Release|Any CPU
		{9F1B6B6E-1EB8-40A7-A135-F341574C552B}.Debug|Any CPU.ActiveCfg = Debug|Any CPU
		{9F1B6B6E-1EB8-40A7-A135-F341574C552B}.Debug|Any CPU.Build.0 = Debug|Any CPU
		{9F1B6B6E-1EB8-40A7-A135-F341574C552B}.Debug|Mixed Platforms.ActiveCfg = Debug|Any CPU
		{9F1B6B6E-1EB8-40A7-A135-F341574C552B}.Debug|Mixed Platforms.Build.0 = Debug|Any CPU
		{9F1B6B6E-1EB8-40A7-A135-F341574C552B}.Debug|Win32.ActiveCfg = Debug|Any CPU
		{9F1B6B6E-1EB8-40A7-A135-F341574C552B}.Debug|x86.ActiveCfg = Debug|Any CPU
		{9F1B6B6E-1EB8-40A7-A135-F341574C552B}.Release|Any CPU.ActiveCfg = Release|Any CPU
		{9F1B6B6E-1EB8-40A7-A135-F341574C552B}.Release|Any CPU.Build.0 = Release|Any CPU
		{9F1B6B6E-1EB8-40A7-A135-F341574C552B}.Release|Mixed Platforms.ActiveCfg = Release|Any CPU
		{9F1B6B6E-1EB8-40A7-A135-F341574C552B}.Release|Mixed Platforms.Build.0 = Release|Any CPU
		{9F1B6B6E-1EB8-40A7-A135-F341574C552B}.Release|Win32.ActiveCfg = Release|Any CPU
		{9F1B6B6E-1EB8-40A7-A135-F341574C552B}.Release|x86.ActiveCfg = Release|Any CPU
		{04EDA503-D764-4C40-ACE6-ED95F1382F9E}.Debug|Any CPU.ActiveCfg = Debug|Any CPU
		{04EDA503-D764-4C40-ACE6-ED95F1382F9E}.Debug|Any CPU.Build.0 = Debug|Any CPU
		{04EDA503-D764-4C40-ACE6-ED95F1382F9E}.Debug|Mixed Platforms.ActiveCfg = Debug|Any CPU
		{04EDA503-D764-4C40-ACE6-ED95F1382F9E}.Debug|Mixed Platforms.Build.0 = Debug|Any CPU
		{04EDA503-D764-4C40-ACE6-ED95F1382F9E}.Debug|Win32.ActiveCfg = Debug|Any CPU
		{04EDA503-D764-4C40-ACE6-ED95F1382F9E}.Debug|x86.ActiveCfg = Debug|Any CPU
		{04EDA503-D764-4C40-ACE6-ED95F1382F9E}.Release|Any CPU.ActiveCfg = Release|Any CPU
		{04EDA503-D764-4C40-ACE6-ED95F1382F9E}.Release|Any CPU.Build.0 = Release|Any CPU
		{04EDA503-D764-4C40-ACE6-ED95F1382F9E}.Release|Mixed Platforms.ActiveCfg = Release|Any CPU
		{04EDA503-D764-4C40-ACE6-ED95F1382F9E}.Release|Mixed Platforms.Build.0 = Release|Any CPU
		{04EDA503-D764-4C40-ACE6-ED95F1382F9E}.Release|Win32.ActiveCfg = Release|Any CPU
		{04EDA503-D764-4C40-ACE6-ED95F1382F9E}.Release|x86.ActiveCfg = Release|Any CPU
		{F6825A2F-F2B6-465E-8A7F-9B380BD65CB2}.Debug|Any CPU.ActiveCfg = Debug|Any CPU
		{F6825A2F-F2B6-465E-8A7F-9B380BD65CB2}.Debug|Any CPU.Build.0 = Debug|Any CPU
		{F6825A2F-F2B6-465E-8A7F-9B380BD65CB2}.Debug|Mixed Platforms.ActiveCfg = Debug|Any CPU
		{F6825A2F-F2B6-465E-8A7F-9B380BD65CB2}.Debug|Mixed Platforms.Build.0 = Debug|Any CPU
		{F6825A2F-F2B6-465E-8A7F-9B380BD65CB2}.Debug|Win32.ActiveCfg = Debug|Any CPU
		{F6825A2F-F2B6-465E-8A7F-9B380BD65CB2}.Debug|x86.ActiveCfg = Debug|Any CPU
		{F6825A2F-F2B6-465E-8A7F-9B380BD65CB2}.Release|Any CPU.ActiveCfg = Release|Any CPU
		{F6825A2F-F2B6-465E-8A7F-9B380BD65CB2}.Release|Any CPU.Build.0 = Release|Any CPU
		{F6825A2F-F2B6-465E-8A7F-9B380BD65CB2}.Release|Mixed Platforms.ActiveCfg = Release|Any CPU
		{F6825A2F-F2B6-465E-8A7F-9B380BD65CB2}.Release|Mixed Platforms.Build.0 = Release|Any CPU
		{F6825A2F-F2B6-465E-8A7F-9B380BD65CB2}.Release|Win32.ActiveCfg = Release|Any CPU
		{F6825A2F-F2B6-465E-8A7F-9B380BD65CB2}.Release|x86.ActiveCfg = Release|Any CPU
		{CB5C66C0-8E19-4452-841F-1D670D8772AF}.Debug|Any CPU.ActiveCfg = Debug|x86
		{CB5C66C0-8E19-4452-841F-1D670D8772AF}.Debug|Mixed Platforms.ActiveCfg = Debug|x86
		{CB5C66C0-8E19-4452-841F-1D670D8772AF}.Debug|Win32.ActiveCfg = Debug|x86
		{CB5C66C0-8E19-4452-841F-1D670D8772AF}.Debug|x86.ActiveCfg = Debug|x86
		{CB5C66C0-8E19-4452-841F-1D670D8772AF}.Debug|x86.Build.0 = Debug|x86
		{CB5C66C0-8E19-4452-841F-1D670D8772AF}.Release|Any CPU.ActiveCfg = Release|x86
		{CB5C66C0-8E19-4452-841F-1D670D8772AF}.Release|Mixed Platforms.ActiveCfg = Release|x86
		{CB5C66C0-8E19-4452-841F-1D670D8772AF}.Release|Mixed Platforms.Build.0 = Release|x86
		{CB5C66C0-8E19-4452-841F-1D670D8772AF}.Release|Win32.ActiveCfg = Release|x86
		{CB5C66C0-8E19-4452-841F-1D670D8772AF}.Release|x86.ActiveCfg = Release|x86
		{CB5C66C0-8E19-4452-841F-1D670D8772AF}.Release|x86.Build.0 = Release|x86
		{CBDEBB0A-32D1-4A7A-97C8-82460DE49432}.Debug|Any CPU.ActiveCfg = Debug|x86
		{CBDEBB0A-32D1-4A7A-97C8-82460DE49432}.Debug|Mixed Platforms.ActiveCfg = Debug|x86
		{CBDEBB0A-32D1-4A7A-97C8-82460DE49432}.Debug|Mixed Platforms.Build.0 = Debug|x86
		{CBDEBB0A-32D1-4A7A-97C8-82460DE49432}.Debug|Win32.ActiveCfg = Debug|x86
		{CBDEBB0A-32D1-4A7A-97C8-82460DE49432}.Debug|x86.ActiveCfg = Debug|x86
		{CBDEBB0A-32D1-4A7A-97C8-82460DE49432}.Debug|x86.Build.0 = Debug|x86
		{CBDEBB0A-32D1-4A7A-97C8-82460DE49432}.Release|Any CPU.ActiveCfg = Release|x86
		{CBDEBB0A-32D1-4A7A-97C8-82460DE49432}.Release|Mixed Platforms.ActiveCfg = Release|x86
		{CBDEBB0A-32D1-4A7A-97C8-82460DE49432}.Release|Mixed Platforms.Build.0 = Release|x86
		{CBDEBB0A-32D1-4A7A-97C8-82460DE49432}.Release|Win32.ActiveCfg = Release|x86
		{CBDEBB0A-32D1-4A7A-97C8-82460DE49432}.Release|x86.ActiveCfg = Release|x86
		{CBDEBB0A-32D1-4A7A-97C8-82460DE49432}.Release|x86.Build.0 = Release|x86
		{CB2D626C-9983-471D-81DF-6FDB205A4686}.Debug|Any CPU.ActiveCfg = Debug|Any CPU
		{CB2D626C-9983-471D-81DF-6FDB205A4686}.Debug|Any CPU.Build.0 = Debug|Any CPU
		{CB2D626C-9983-471D-81DF-6FDB205A4686}.Debug|Mixed Platforms.ActiveCfg = Debug|Any CPU
		{CB2D626C-9983-471D-81DF-6FDB205A4686}.Debug|Mixed Platforms.Build.0 = Debug|Any CPU
		{CB2D626C-9983-471D-81DF-6FDB205A4686}.Debug|Win32.ActiveCfg = Debug|Any CPU
		{CB2D626C-9983-471D-81DF-6FDB205A4686}.Debug|x86.ActiveCfg = Debug|Any CPU
		{CB2D626C-9983-471D-81DF-6FDB205A4686}.Release|Any CPU.ActiveCfg = Release|Any CPU
		{CB2D626C-9983-471D-81DF-6FDB205A4686}.Release|Any CPU.Build.0 = Release|Any CPU
		{CB2D626C-9983-471D-81DF-6FDB205A4686}.Release|Mixed Platforms.ActiveCfg = Release|Any CPU
		{CB2D626C-9983-471D-81DF-6FDB205A4686}.Release|Mixed Platforms.Build.0 = Release|Any CPU
		{CB2D626C-9983-471D-81DF-6FDB205A4686}.Release|Win32.ActiveCfg = Release|Any CPU
		{CB2D626C-9983-471D-81DF-6FDB205A4686}.Release|x86.ActiveCfg = Release|Any CPU
	EndGlobalSection
	GlobalSection(SolutionProperties) = preSolution
		HideSolutionNode = FALSE
	EndGlobalSection
EndGlobal
