<?xml version="1.0" encoding="utf-8"?>
<Project ToolsVersion="4.0" xmlns="http://schemas.microsoft.com/developer/msbuild/2003">
  <ItemGroup>
    <Filter Include="Quellcodedateien">
      <UniqueIdentifier>{f66b391f-a27f-49e5-86ed-cc0a77145bde}</UniqueIdentifier>
      <Extensions>cpp;c;cxx;rc;def;r;odl;idl;hpj;bat</Extensions>
    </Filter>
    <Filter Include="Header-Dateien">
      <UniqueIdentifier>{1d79d94a-71b7-4ad3-88cd-52e00d3bc0f8}</UniqueIdentifier>
      <Extensions>h;hpp;hxx;hm;inl</Extensions>
    </Filter>
    <Filter Include="Ressourcendateien">
      <UniqueIdentifier>{d3fde5fc-4748-4eb5-b7da-fbcb3e91214f}</UniqueIdentifier>
      <Extensions>ico;cur;bmp;dlg;rc2;rct;bin;rgs;gif;jpg;jpeg;jpe</Extensions>
    </Filter>
  </ItemGroup>
  <ItemGroup>
    <ClCompile Include="CDArchive.cpp">
      <Filter>Quellcodedateien</Filter>
    </ClCompile>
    <ClCompile Include="CDDBConnect.cpp">
      <Filter>Quellcodedateien</Filter>
    </ClCompile>
    <ClCompile Include="CDDBSock.cpp">
      <Filter>Quellcodedateien</Filter>
    </ClCompile>
    <ClCompile Include="cdsearch.cpp">
      <Filter>Quellcodedateien</Filter>
    </ClCompile>
    <ClCompile Include="MultipleCDsFound.cpp">
      <Filter>Quellcodedateien</Filter>
    </ClCompile>
    <ClCompile Include="StdAfx.cpp">
      <Filter>Quellcodedateien</Filter>
    </ClCompile>
    <ClCompile Include="UploadDownloadCDsDlg.cpp">
      <Filter>Quellcodedateien</Filter>
    </ClCompile>
    <ClCompile Include="WaitAnimatedDlg.cpp">
      <Filter>Quellcodedateien</Filter>
    </ClCompile>
  </ItemGroup>
  <ItemGroup>
    <ResourceCompile Include="cdsearch englisch.rc">
      <Filter>Quellcodedateien</Filter>
    </ResourceCompile>
    <ResourceCompile Include="cdsearch.rc">
      <Filter>Quellcodedateien</Filter>
    </ResourceCompile>
  </ItemGroup>
  <ItemGroup>
    <None Include="cdsearch.def">
      <Filter>Quellcodedateien</Filter>
    </None>
    <None Include="res\cdsearch.rc2">
      <Filter>Ressourcendateien</Filter>
    </None>
    <None Include="ReadMe.txt" />
  </ItemGroup>
  <ItemGroup>
    <ClInclude Include="CDArchive.h">
      <Filter>Header-Dateien</Filter>
    </ClInclude>
    <ClInclude Include="CDDBConnect.h">
      <Filter>Header-Dateien</Filter>
    </ClInclude>
    <ClInclude Include="CDDBSock.h">
      <Filter>Header-Dateien</Filter>
    </ClInclude>
    <ClInclude Include="MultipleCDsFound.h">
      <Filter>Header-Dateien</Filter>
    </ClInclude>
    <ClInclude Include="Resource.h">
      <Filter>Header-Dateien</Filter>
    </ClInclude>
    <ClInclude Include="StdAfx.h">
      <Filter>Header-Dateien</Filter>
    </ClInclude>
    <ClInclude Include="UploadDownloadCDsDlg.h">
      <Filter>Header-Dateien</Filter>
    </ClInclude>
    <ClInclude Include="WaitAnimatedDlg.h">
      <Filter>Header-Dateien</Filter>
    </ClInclude>
    <ClInclude Include="targetver.h">
      <Filter>Header-Dateien</Filter>
    </ClInclude>
  </ItemGroup>
</Project>