<?xml version="1.0" encoding="utf-8"?>
<Project ToolsVersion="4.0" xmlns="http://schemas.microsoft.com/developer/msbuild/2003">
  <ItemGroup>
    <Filter Include="Source Files">
      <UniqueIdentifier>{4FC737F1-C7A5-4376-A066-2A32D752A2FF}</UniqueIdentifier>
      <Extensions>cpp;c;cc;cxx;def;odl;idl;hpj;bat;asm;asmx</Extensions>
    </Filter>
    <Filter Include="Header Files">
      <UniqueIdentifier>{93995380-89BD-4b04-88EB-625FBE52EBFB}</UniqueIdentifier>
      <Extensions>h;hpp;hxx;hm;inl;inc;xsd</Extensions>
    </Filter>
    <Filter Include="Resource Files">
      <UniqueIdentifier>{67DA6AB6-F800-4c08-8B7A-83BB121AAD01}</UniqueIdentifier>
      <Extensions>rc;ico;cur;bmp;dlg;rc2;rct;bin;rgs;gif;jpg;jpeg;jpe;resx;tiff;tif;png;wav;mfcribbon-ms</Extensions>
    </Filter>
  </ItemGroup>
  <ItemGroup>
    <None Include="NativeGUI.def">
      <Filter>Source Files</Filter>
    </None>
    <None Include="res\NativeGUI.rc2">
      <Filter>Resource Files</Filter>
    </None>
    <None Include="res\lastfm.bmp">
      <Filter>Resource Files</Filter>
    </None>
  </ItemGroup>
  <ItemGroup>
    <ClCompile Include="NativeGUI.cpp">
      <Filter>Source Files</Filter>
    </ClCompile>
    <ClCompile Include="stdafx.cpp">
      <Filter>Source Files</Filter>
    </ClCompile>
    <ClCompile Include="hitopt.cpp">
      <Filter>Source Files</Filter>
    </ClCompile>
    <ClCompile Include="OptionsCDArchiveFieldsDlg.cpp">
      <Filter>Source Files</Filter>
    </ClCompile>
    <ClCompile Include="OptionsCDArchiveProxyDlg.cpp">
      <Filter>Source Files</Filter>
    </ClCompile>
    <ClCompile Include="OptionsPlugInsPage.cpp">
      <Filter>Source Files</Filter>
    </ClCompile>
    <ClCompile Include="OptionsSoundsPage.cpp">
      <Filter>Source Files</Filter>
    </ClCompile>
    <ClCompile Include="CDArchiveNewDlg.cpp">
      <Filter>Source Files</Filter>
    </ClCompile>
    <ClCompile Include="HTMLExportDlg.cpp">
      <Filter>Source Files</Filter>
    </ClCompile>
    <ClCompile Include="HTMLTemplate.cpp">
      <Filter>Source Files</Filter>
    </ClCompile>
    <ClCompile Include="HITEXPPA.CPP">
      <Filter>Source Files</Filter>
    </ClCompile>
    <ClCompile Include="HITEXPSH.CPP">
      <Filter>Source Files</Filter>
    </ClCompile>
  </ItemGroup>
  <ItemGroup>
    <ClInclude Include="NativeGUI.h">
      <Filter>Header Files</Filter>
    </ClInclude>
    <ClInclude Include="stdafx.h">
      <Filter>Header Files</Filter>
    </ClInclude>
    <ClInclude Include="targetver.h">
      <Filter>Header Files</Filter>
    </ClInclude>
    <ClInclude Include="Resource.h">
      <Filter>Header Files</Filter>
    </ClInclude>
    <ClInclude Include="hitopt.h">
      <Filter>Header Files</Filter>
    </ClInclude>
    <ClInclude Include="OptionsCDArchiveFieldsDlg.h">
      <Filter>Header Files</Filter>
    </ClInclude>
    <ClInclude Include="optionscdarchiveproxydlg.h">
      <Filter>Header Files</Filter>
    </ClInclude>
    <ClInclude Include="OptionsPlugInsPage.h">
      <Filter>Header Files</Filter>
    </ClInclude>
    <ClInclude Include="OptionsSoundsPage.h">
      <Filter>Header Files</Filter>
    </ClInclude>
    <ClInclude Include="CDArchiveNewDlg.h">
      <Filter>Header Files</Filter>
    </ClInclude>
    <ClInclude Include="HTMLExportDlg.h">
      <Filter>Header Files</Filter>
    </ClInclude>
    <ClInclude Include="HTMLTemplate.h">
      <Filter>Header Files</Filter>
    </ClInclude>
    <ClInclude Include="HITEXPPA.H">
      <Filter>Header Files</Filter>
    </ClInclude>
    <ClInclude Include="HITEXPSH.H">
      <Filter>Header Files</Filter>
    </ClInclude>
  </ItemGroup>
  <ItemGroup>
    <ResourceCompile Include="NativeGUI.rc">
      <Filter>Resource Files</Filter>
    </ResourceCompile>
  </ItemGroup>
</Project>