<?xml version="1.0" encoding="utf-8"?>
<Project ToolsVersion="4.0" xmlns="http://schemas.microsoft.com/developer/msbuild/2003">
  <ItemGroup>
    <Filter Include="Source Files">
      <UniqueIdentifier>{53db6b07-d457-475a-8ac6-2306debb0dbd}</UniqueIdentifier>
      <Extensions>cpp;c;cxx;rc;def;r;odl;idl;hpj;bat</Extensions>
    </Filter>
    <Filter Include="Header Files">
      <UniqueIdentifier>{2ec4a21c-25ad-4e73-8841-ab062e01f41e}</UniqueIdentifier>
      <Extensions>h;hpp;hxx;hm;inl</Extensions>
    </Filter>
    <Filter Include="Resource Files">
      <UniqueIdentifier>{7bdd8a15-6c57-4b79-a49f-468914e4800c}</UniqueIdentifier>
      <Extensions>ico;cur;bmp;dlg;rc2;rct;bin;rgs;gif;jpg;jpeg;jpe</Extensions>
    </Filter>
  </ItemGroup>
  <ItemGroup>
    <ClCompile Include="ASPIWrapper.cpp">
      <Filter>Source Files</Filter>
    </ClCompile>
    <ClCompile Include="CDAudio.cpp">
      <Filter>Source Files</Filter>
    </ClCompile>
    <ClCompile Include="CDAudioAnalogEngine.cpp">
      <Filter>Source Files</Filter>
    </ClCompile>
    <ClCompile Include="CDAudioDigitalEngine.cpp">
      <Filter>Source Files</Filter>
    </ClCompile>
    <ClCompile Include="CDAudioItem.cpp">
      <Filter>Source Files</Filter>
    </ClCompile>
    <ClCompile Include="CDExtra.cpp">
      <Filter>Source Files</Filter>
    </ClCompile>
    <ClCompile Include="CDText.cpp">
      <Filter>Source Files</Filter>
    </ClCompile>
    <ClCompile Include="LoadSoundFilesDlg.cpp">
      <Filter>Source Files</Filter>
    </ClCompile>
    <ClCompile Include="Mp3Engine.cpp">
      <Filter>Source Files</Filter>
    </ClCompile>
    <ClCompile Include="Mp3Player.cpp">
      <Filter>Source Files</Filter>
    </ClCompile>
    <ClCompile Include="SoundEngine.cpp">
      <Filter>Source Files</Filter>
    </ClCompile>
    <ClCompile Include="SoundEngineIntern.cpp">
      <Filter>Source Files</Filter>
    </ClCompile>
    <ClCompile Include="SoundEngineItem.cpp">
      <Filter>Source Files</Filter>
    </ClCompile>
    <ClCompile Include="SoundEngineItemData.cpp">
      <Filter>Source Files</Filter>
    </ClCompile>
    <ClCompile Include="StdAfx.cpp">
      <Filter>Source Files</Filter>
    </ClCompile>
    <ClCompile Include="Timer.cpp">
      <Filter>Source Files</Filter>
    </ClCompile>
    <ClCompile Include="UnknownEngine.cpp">
      <Filter>Source Files</Filter>
    </ClCompile>
    <ClCompile Include="VirtualCD.cpp">
      <Filter>Source Files</Filter>
    </ClCompile>
    <ClCompile Include="WaveEngine.cpp">
      <Filter>Source Files</Filter>
    </ClCompile>
    <ClCompile Include="WavePlay.cpp">
      <Filter>Source Files</Filter>
    </ClCompile>
    <ClCompile Include="WMAEngine.cpp">
      <Filter>Source Files</Filter>
    </ClCompile>
    <ClCompile Include="WMAPlay.cpp">
      <Filter>Source Files</Filter>
    </ClCompile>
  </ItemGroup>
  <ItemGroup>
    <ResourceCompile Include="SoundEngine.rc">
      <Filter>Source Files</Filter>
    </ResourceCompile>
  </ItemGroup>
  <ItemGroup>
    <ClInclude Include="ASPIWrapper.h">
      <Filter>Header Files</Filter>
    </ClInclude>
    <ClInclude Include="CDAudio.h">
      <Filter>Header Files</Filter>
    </ClInclude>
    <ClInclude Include="CDAudioAnalogEngine.h">
      <Filter>Header Files</Filter>
    </ClInclude>
    <ClInclude Include="CDAudioDigitalEngine.h">
      <Filter>Header Files</Filter>
    </ClInclude>
    <ClInclude Include="CDAudioItem.h">
      <Filter>Header Files</Filter>
    </ClInclude>
    <ClInclude Include="CDExtra.h">
      <Filter>Header Files</Filter>
    </ClInclude>
    <ClInclude Include="CDRipper.h">
      <Filter>Header Files</Filter>
    </ClInclude>
    <ClInclude Include="CDText.h">
      <Filter>Header Files</Filter>
    </ClInclude>
    <ClInclude Include="LoadSoundFilesDlg.h">
      <Filter>Header Files</Filter>
    </ClInclude>
    <ClInclude Include="Mp3Engine.h">
      <Filter>Header Files</Filter>
    </ClInclude>
    <ClInclude Include="Mp3Player.h">
      <Filter>Header Files</Filter>
    </ClInclude>
    <ClInclude Include="Resource.h">
      <Filter>Header Files</Filter>
    </ClInclude>
    <ClInclude Include="scsidefs.h">
      <Filter>Header Files</Filter>
    </ClInclude>
    <ClInclude Include="SoundEngine.h">
      <Filter>Header Files</Filter>
    </ClInclude>
    <ClInclude Include="SoundEngineIntern.h">
      <Filter>Header Files</Filter>
    </ClInclude>
    <ClInclude Include="SoundEngineItem.h">
      <Filter>Header Files</Filter>
    </ClInclude>
    <ClInclude Include="SoundEngineItemData.h">
      <Filter>Header Files</Filter>
    </ClInclude>
    <ClInclude Include="StdAfx.h">
      <Filter>Header Files</Filter>
    </ClInclude>
    <ClInclude Include="Timer.h">
      <Filter>Header Files</Filter>
    </ClInclude>
    <ClInclude Include="UnknownEngine.h">
      <Filter>Header Files</Filter>
    </ClInclude>
    <ClInclude Include="VirtualCD.h">
      <Filter>Header Files</Filter>
    </ClInclude>
    <ClInclude Include="WaveEngine.h">
      <Filter>Header Files</Filter>
    </ClInclude>
    <ClInclude Include="WaveFile.h">
      <Filter>Header Files</Filter>
    </ClInclude>
    <ClInclude Include="WavePlay.H">
      <Filter>Header Files</Filter>
    </ClInclude>
    <ClInclude Include="WMAEngine.h">
      <Filter>Header Files</Filter>
    </ClInclude>
    <ClInclude Include="WMAPlay.h">
      <Filter>Header Files</Filter>
    </ClInclude>
  </ItemGroup>
  <ItemGroup>
    <None Include="res\SoundEngine.rc2">
      <Filter>Resource Files</Filter>
    </None>
  </ItemGroup>
</Project>