<?xml version="1.0" encoding="utf-8"?>
<Project ToolsVersion="4.0" xmlns="http://schemas.microsoft.com/developer/msbuild/2003">
  <ItemGroup>
    <Filter Include="Source Files">
      <UniqueIdentifier>{60d4742a-39cc-4744-9ae0-7029c5ef01a4}</UniqueIdentifier>
      <Extensions>cpp;c;cxx;rc;def;r;odl;idl;hpj;bat</Extensions>
    </Filter>
    <Filter Include="Header Files">
      <UniqueIdentifier>{6d46e464-614f-4681-a549-0aa1583ecf6b}</UniqueIdentifier>
      <Extensions>h;hpp;hxx;hm;inl</Extensions>
    </Filter>
    <Filter Include="Resource Files">
      <UniqueIdentifier>{1872169e-c8b1-4e0b-8c49-f4cd72bb2096}</UniqueIdentifier>
      <Extensions>ico;cur;bmp;dlg;rc2;rct;bin;rgs;gif;jpg;jpeg;jpe</Extensions>
    </Filter>
  </ItemGroup>
  <ItemGroup>
    <None Include="akrip32.def">
      <Filter>Source Files</Filter>
    </None>
  </ItemGroup>
  <ItemGroup>
    <ResourceCompile Include="akrip32.rc">
      <Filter>Source Files</Filter>
    </ResourceCompile>
  </ItemGroup>
  <ItemGroup>
    <ClCompile Include="aspilib.c">
      <Filter>Source Files</Filter>
    </ClCompile>
    <ClCompile Include="atapi.c">
      <Filter>Source Files</Filter>
    </ClCompile>
    <ClCompile Include="cdcache.c">
      <Filter>Source Files</Filter>
    </ClCompile>
    <ClCompile Include="handles.c">
      <Filter>Source Files</Filter>
    </ClCompile>
    <ClCompile Include="read10.c">
      <Filter>Source Files</Filter>
    </ClCompile>
    <ClCompile Include="readd4.c">
      <Filter>Source Files</Filter>
    </ClCompile>
    <ClCompile Include="readd8.c">
      <Filter>Source Files</Filter>
    </ClCompile>
    <ClCompile Include="scsipt.c">
      <Filter>Source Files</Filter>
    </ClCompile>
    <ClCompile Include="stdafx.c">
      <Filter>Source Files</Filter>
    </ClCompile>
  </ItemGroup>
  <ItemGroup>
    <ClInclude Include="akrip32.h">
      <Filter>Header Files</Filter>
    </ClInclude>
    <ClInclude Include="aspilib.h">
      <Filter>Header Files</Filter>
    </ClInclude>
    <ClInclude Include="cdcache.h">
      <Filter>Header Files</Filter>
    </ClInclude>
    <ClInclude Include="myaspi32.h">
      <Filter>Header Files</Filter>
    </ClInclude>
    <ClInclude Include="scsidefs.h">
      <Filter>Header Files</Filter>
    </ClInclude>
    <ClInclude Include="scsipt.h">
      <Filter>Header Files</Filter>
    </ClInclude>
    <ClInclude Include="stdafx.h">
      <Filter>Header Files</Filter>
    </ClInclude>
  </ItemGroup>
</Project>