<?xml version="1.0" encoding="utf-8"?>
<Project ToolsVersion="4.0" xmlns="http://schemas.microsoft.com/developer/msbuild/2003">
  <ItemGroup>
    <Filter Include="Source Files">
      <UniqueIdentifier>{5b1df7a6-8ee4-42f8-bd9f-43ca23a00c44}</UniqueIdentifier>
      <Extensions>cpp;c;cxx;rc;def;r;odl;idl;hpj;bat</Extensions>
    </Filter>
    <Filter Include="Header Files">
      <UniqueIdentifier>{4c83ff3a-e3bb-49e4-acd2-6784a659be97}</UniqueIdentifier>
      <Extensions>h;hpp;hxx;hm;inl</Extensions>
    </Filter>
    <Filter Include="Resource Files">
      <UniqueIdentifier>{187f4daf-c763-4647-8576-b057b52fc0b6}</UniqueIdentifier>
      <Extensions>ico;cur;bmp;dlg;rc2;rct;bin;cnt;rtf;gif;jpg;jpeg;jpe</Extensions>
    </Filter>
  </ItemGroup>
  <ItemGroup>
    <ClCompile Include="Artist.cpp">
      <Filter>Source Files</Filter>
    </ClCompile>
    <ClCompile Include="Category.cpp">
      <Filter>Source Files</Filter>
    </ClCompile>
    <ClCompile Include="CD.cpp">
      <Filter>Source Files</Filter>
    </ClCompile>
    <ClCompile Include="CDQuery.cpp">
      <Filter>Source Files</Filter>
    </ClCompile>
    <ClCompile Include="CDSet.cpp">
      <Filter>Source Files</Filter>
    </ClCompile>
    <ClCompile Include="ChooseFieldsDlg.cpp">
      <Filter>Source Files</Filter>
    </ClCompile>
    <ClCompile Include="database.cpp">
      <Filter>Source Files</Filter>
    </ClCompile>
    <ClCompile Include="DataBaseErrorDlg.cpp">
      <Filter>Source Files</Filter>
    </ClCompile>
    <ClCompile Include="DataBaseProgressDlg.cpp">
      <Filter>Source Files</Filter>
    </ClCompile>
    <ClCompile Include="DBQuery.cpp">
      <Filter>Source Files</Filter>
    </ClCompile>
    <ClCompile Include="DupRecordDlg.cpp">
      <Filter>Source Files</Filter>
    </ClCompile>
    <ClCompile Include="HitDB.cpp">
      <Filter>Source Files</Filter>
    </ClCompile>
    <ClCompile Include="Identity.cpp">
      <Filter>Source Files</Filter>
    </ClCompile>
    <ClCompile Include="ImportDaten.cpp">
      <Filter>Source Files</Filter>
    </ClCompile>
    <ClCompile Include="Index.cpp">
      <Filter>Source Files</Filter>
    </ClCompile>
    <ClCompile Include="Master.cpp">
      <Filter>Source Files</Filter>
    </ClCompile>
    <ClCompile Include="Medium.cpp">
      <Filter>Source Files</Filter>
    </ClCompile>
    <ClCompile Include="Participant.cpp">
      <Filter>Source Files</Filter>
    </ClCompile>
    <ClCompile Include="Program.cpp">
      <Filter>Source Files</Filter>
    </ClCompile>
    <ClCompile Include="Queue.cpp">
      <Filter>Source Files</Filter>
    </ClCompile>
    <ClCompile Include="Role.cpp">
      <Filter>Source Files</Filter>
    </ClCompile>
    <ClCompile Include="Selection.CPP">
      <Filter>Source Files</Filter>
    </ClCompile>
    <ClCompile Include="StdAfx.cpp">
      <Filter>Source Files</Filter>
    </ClCompile>
    <ClCompile Include="Track.cpp">
      <Filter>Source Files</Filter>
    </ClCompile>
    <ClCompile Include="VerlieheneCDs.cpp">
      <Filter>Source Files</Filter>
    </ClCompile>
  </ItemGroup>
  <ItemGroup>
    <ResourceCompile Include="HitDB Englisch.rc">
      <Filter>Source Files</Filter>
    </ResourceCompile>
    <ResourceCompile Include="HitDB.rc">
      <Filter>Source Files</Filter>
    </ResourceCompile>
  </ItemGroup>
  <ItemGroup>
    <None Include="HitDB.def">
      <Filter>Source Files</Filter>
    </None>
    <None Include="HitDBd.def">
      <Filter>Source Files</Filter>
    </None>
    <None Include="res\bin00001.bin">
      <Filter>Resource Files</Filter>
    </None>
    <None Include="res\HitDB.rc2">
      <Filter>Resource Files</Filter>
    </None>
    <None Include="res\ico00002.ico">
      <Filter>Resource Files</Filter>
    </None>
    <None Include="res\ida_hitd.bin">
      <Filter>Resource Files</Filter>
    </None>
    <None Include="ReadMe.txt" />
  </ItemGroup>
  <ItemGroup>
    <ClInclude Include="Artist.h">
      <Filter>Header Files</Filter>
    </ClInclude>
    <ClInclude Include="Category.h">
      <Filter>Header Files</Filter>
    </ClInclude>
    <ClInclude Include="CD.h">
      <Filter>Header Files</Filter>
    </ClInclude>
    <ClInclude Include="CDQuery.h">
      <Filter>Header Files</Filter>
    </ClInclude>
    <ClInclude Include="CDSet.h">
      <Filter>Header Files</Filter>
    </ClInclude>
    <ClInclude Include="CDUtility.h">
      <Filter>Header Files</Filter>
    </ClInclude>
    <ClInclude Include="ChooseFieldsDlg.h">
      <Filter>Header Files</Filter>
    </ClInclude>
    <ClInclude Include="database.h">
      <Filter>Header Files</Filter>
    </ClInclude>
    <ClInclude Include="DataBaseErrorDlg.h">
      <Filter>Header Files</Filter>
    </ClInclude>
    <ClInclude Include="DataBaseProgressDlg.h">
      <Filter>Header Files</Filter>
    </ClInclude>
    <ClInclude Include="DBQuery.h">
      <Filter>Header Files</Filter>
    </ClInclude>
    <ClInclude Include="DupRecordDlg.h">
      <Filter>Header Files</Filter>
    </ClInclude>
    <ClInclude Include="HitDB.h">
      <Filter>Header Files</Filter>
    </ClInclude>
    <ClInclude Include="Identity.h">
      <Filter>Header Files</Filter>
    </ClInclude>
    <ClInclude Include="Index.h">
      <Filter>Header Files</Filter>
    </ClInclude>
    <ClInclude Include="Master.h">
      <Filter>Header Files</Filter>
    </ClInclude>
    <ClInclude Include="Medium.h">
      <Filter>Header Files</Filter>
    </ClInclude>
    <ClInclude Include="Participant.h">
      <Filter>Header Files</Filter>
    </ClInclude>
    <ClInclude Include="Program.h">
      <Filter>Header Files</Filter>
    </ClInclude>
    <ClInclude Include="Queue.h">
      <Filter>Header Files</Filter>
    </ClInclude>
    <ClInclude Include="Resource.h">
      <Filter>Header Files</Filter>
    </ClInclude>
    <ClInclude Include="Role.h">
      <Filter>Header Files</Filter>
    </ClInclude>
    <ClInclude Include="Selection.H">
      <Filter>Header Files</Filter>
    </ClInclude>
    <ClInclude Include="StdAfx.h">
      <Filter>Header Files</Filter>
    </ClInclude>
    <ClInclude Include="Track.h">
      <Filter>Header Files</Filter>
    </ClInclude>
    <ClInclude Include="VerlieheneCDs.h">
      <Filter>Header Files</Filter>
    </ClInclude>
  </ItemGroup>
</Project>