<?xml version="1.0" encoding="utf-8"?>
<Project ToolsVersion="4.0" xmlns="http://schemas.microsoft.com/developer/msbuild/2003">
  <ItemGroup>
    <Filter Include="Source Files">
      <UniqueIdentifier>{8d7c58cd-3d66-49f1-a98d-1da89da5122a}</UniqueIdentifier>
      <Extensions>cpp;c;cxx;rc;def;r;odl;idl;hpj;bat</Extensions>
    </Filter>
    <Filter Include="Header Files">
      <UniqueIdentifier>{3c500576-7d25-4c44-98fa-b2d1630387c4}</UniqueIdentifier>
      <Extensions>h;hpp;hxx;hm;inl</Extensions>
    </Filter>
    <Filter Include="Resource Files">
      <UniqueIdentifier>{726a8f72-9abd-45b8-9fa9-2e136f73ab28}</UniqueIdentifier>
      <Extensions>ico;cur;bmp;dlg;rc2;rct;bin;rgs;gif;jpg;jpeg;jpe</Extensions>
    </Filter>
  </ItemGroup>
  <ItemGroup>
    <ClCompile Include="BtnST.cpp">
      <Filter>Source Files</Filter>
    </ClCompile>
    <ClCompile Include="config.cpp">
      <Filter>Source Files</Filter>
    </ClCompile>
    <ClCompile Include="FieldList.cpp">
      <Filter>Source Files</Filter>
    </ClCompile>
    <ClCompile Include="Fourierd.cpp">
      <Filter>Source Files</Filter>
    </ClCompile>
    <ClCompile Include="HitbaseWinAppBase.cpp">
      <Filter>Source Files</Filter>
    </ClCompile>
    <ClCompile Include="HITCOMMN.CPP">
      <Filter>Source Files</Filter>
    </ClCompile>
    <ClCompile Include="hitmisc.cpp">
      <Filter>Source Files</Filter>
    </ClCompile>
    <ClCompile Include="HttpFileAsync.cpp">
      <Filter>Source Files</Filter>
    </ClCompile>
    <ClCompile Include="HyperlinkStatic.cpp">
      <Filter>Source Files</Filter>
    </ClCompile>
    <ClCompile Include="MatrixCtrl.cpp">
      <Filter>Source Files</Filter>
    </ClCompile>
    <ClCompile Include="md5.cpp">
      <Filter>Source Files</Filter>
    </ClCompile>
    <ClCompile Include="misc.cpp">
      <Filter>Source Files</Filter>
    </ClCompile>
    <ClCompile Include="newfiledialog.cpp">
      <Filter>Source Files</Filter>
    </ClCompile>
    <ClCompile Include="Resizer.cpp">
      <Filter>Source Files</Filter>
    </ClCompile>
    <ClCompile Include="StarWarsCtrl.cpp">
      <Filter>Source Files</Filter>
    </ClCompile>
    <ClCompile Include="StdAfx.cpp">
      <Filter>Source Files</Filter>
    </ClCompile>
    <ClCompile Include="ThemeHelperST.cpp">
      <Filter>Source Files</Filter>
    </ClCompile>
    <ClCompile Include="TokenEx.cpp">
      <Filter>Source Files</Filter>
    </ClCompile>
    <ClCompile Include="TwainGet.cpp">
      <Filter>Source Files</Filter>
    </ClCompile>
    <ClCompile Include="XPStyleButtonST.cpp">
      <Filter>Source Files</Filter>
    </ClCompile>
  </ItemGroup>
  <ItemGroup>
    <None Include="hitmisc.def">
      <Filter>Source Files</Filter>
    </None>
    <None Include="res\hitmisc.rc2">
      <Filter>Resource Files</Filter>
    </None>
    <None Include="ReadMe.txt" />
  </ItemGroup>
  <ItemGroup>
    <ResourceCompile Include="hitmisc.rc">
      <Filter>Source Files</Filter>
    </ResourceCompile>
  </ItemGroup>
  <ItemGroup>
    <ClInclude Include="BtnST.h">
      <Filter>Header Files</Filter>
    </ClInclude>
    <ClInclude Include="config.h">
      <Filter>Header Files</Filter>
    </ClInclude>
    <ClInclude Include="EditDist.h">
      <Filter>Header Files</Filter>
    </ClInclude>
    <ClInclude Include="FieldList.h">
      <Filter>Header Files</Filter>
    </ClInclude>
    <ClInclude Include="Fourier.h">
      <Filter>Header Files</Filter>
    </ClInclude>
    <ClInclude Include="HitbaseWinAppBase.h">
      <Filter>Header Files</Filter>
    </ClInclude>
    <ClInclude Include="HITCOMMN.H">
      <Filter>Header Files</Filter>
    </ClInclude>
    <ClInclude Include="hitmisc.h">
      <Filter>Header Files</Filter>
    </ClInclude>
    <ClInclude Include="HttpFileAsync.h">
      <Filter>Header Files</Filter>
    </ClInclude>
    <ClInclude Include="HyperlinkStatic.h">
      <Filter>Header Files</Filter>
    </ClInclude>
    <ClInclude Include="MatrixCtrl.h">
      <Filter>Header Files</Filter>
    </ClInclude>
    <ClInclude Include="md5.h">
      <Filter>Header Files</Filter>
    </ClInclude>
    <ClInclude Include="memdc.h">
      <Filter>Header Files</Filter>
    </ClInclude>
    <ClInclude Include="misc.h">
      <Filter>Header Files</Filter>
    </ClInclude>
    <ClInclude Include="NewFileDialog.h">
      <Filter>Header Files</Filter>
    </ClInclude>
    <ClInclude Include="Resizer.h">
      <Filter>Header Files</Filter>
    </ClInclude>
    <ClInclude Include="Resource.h">
      <Filter>Header Files</Filter>
    </ClInclude>
    <ClInclude Include="StarWarsCtrl.h">
      <Filter>Header Files</Filter>
    </ClInclude>
    <ClInclude Include="StdAfx.h">
      <Filter>Header Files</Filter>
    </ClInclude>
    <ClInclude Include="ThemeHelperST.h">
      <Filter>Header Files</Filter>
    </ClInclude>
    <ClInclude Include="TokenEx.h">
      <Filter>Header Files</Filter>
    </ClInclude>
    <ClInclude Include="twain.h">
      <Filter>Header Files</Filter>
    </ClInclude>
    <ClInclude Include="TwainGet.h">
      <Filter>Header Files</Filter>
    </ClInclude>
    <ClInclude Include="XPStyleButtonST.h">
      <Filter>Header Files</Filter>
    </ClInclude>
  </ItemGroup>
</Project>